github.com/netbrain/goautosocket v0.0.0-20150624145746-bef85f0aef40 h1:bOeCk5udqJgLIrCzxS5nZcufOTHtu7ap5bYsqx4w4/I=
github.com/netbrain/goautosocket v0.0.0-20150624145746-bef85f0aef40/go.mod h1:o7i/4orMnh/ZmJef4SeqvqHo2ZjO++jU9e03S9725r8=
golang.org/x/exp v0.0.0-20230425010034-47ecfdc1ba53 h1:5llv2sWeaMSnA3w2kS57ouQQ4pudlXrR0dCgw51QK9o=
golang.org/x/exp v0.0.0-20230425010034-47ecfdc1ba53/go.mod h1:V1LtkGg67GoY2N1AnLN78QLrzxkLyJw7RJb1gzOOz9w=
